github.com/fernando8franco/i-love-api-golang v0.0.0-20260204171525-240a8935a3cb h1:s58U4zuM/HXYGGPX/SolX4//gMmuknZ8mIEZwbtse6k=
github.com/fernando8franco/i-love-api-golang v0.0.0-20260204171525-240a8935a3cb/go.mod h1:RewRVwzghjj7XnBF2JNzm5yF74QBgGCXJMBGCI2WNT4=
github.com/fernando8franco/i-love-api-golang v0.1.0 h1:msqmiyrYJywpd4PT3KutmCXRjFgDuRh3jMDw9zk5cPw=
github.com/fernando8franco/i-love-api-golang v0.1.0/go.mod h1:RewRVwzghjj7XnBF2JNzm5yF74QBgGCXJMBGCI2WNT4=
github.com/fernando8franco/i-love-api-golang v0.1.1 h1:E4aUorg65X9fJJwGBi5Js/dNIFehTJLT1FsTLeAEGrc=
github.com/fernando8franco/i-love-api-golang v0.1.1/go.mod h1:RewRVwzghjj7XnBF2JNzm5yF74QBgGCXJMBGCI2WNT4=
golang.org/x/sync v0.18.0 h1:kr88TuHDroi+UVf+0hZnirlk8o8T+4MrK6mr60WkH/I=
golang.org/x/sync v0.18.0/go.mod h1:9KTHXmSnoGruLpwFjVSX0lNNA75CykiMECbovNTZqGI=
golang.org/x/text v0.7.0 h1:4BRB4x83lYWy72KwLD/qYDuTu7q9PjSagHvijDw7cLo=
golang.org/x/text v0.7.0/go.mod h1:mrYo+phRRbMaCq/xk9113O4dZlRixOauAjOtrjsXDZ8=
gopkg.in/Regis24GmbH/go-diacritics.v2 v2.0.3 h1:rz88vn1OH2B9kKorR+QCrcuw6WbizVwahU2Y9Q09xqU=
gopkg.in/Regis24GmbH/go-diacritics.v2 v2.0.3/go.mod h1:vJmfdx2L0+30M90zUd0GCjLV14Ip3ZgWR5+MV1qljOo=
